
Microsoft Visual Studio Solution File, Format Version 12.00
# Visual Studio Version 16
VisualStudioVersion = 16.0.31624.102
MinimumVisualStudioVersion = 10.0.40219.1
Project("{FAE04EC0-301F-11D3-BF4B-00C04F79EFBC}") = "Assignment1", "Assignment1\Assignment1.csproj", "{CC57A08A-7186-4B6B-98C2-3518D0F5E9F7}"
EndProject
Global
	GlobalSection(SolutionConfigurationPlatforms) = preSolution
		Debug|Any CPU = Debug|Any CPU
		Release|Any CPU = Release|Any CPU
	EndGlobalSection
	GlobalSection(ProjectConfigurationPlatforms) = postSolution
		{CC57A08A-7186-4B6B-98C2-3518D0F5E9F7}.Debug|Any CPU.ActiveCfg = Debug|Any CPU
		{CC57A08A-7186-4B6B-98C2-3518D0F5E9F7}.Debug|Any CPU.Build.0 = Debug|Any CPU
		{CC57A08A-7186-4B6B-98C2-3518D0F5E9F7}.Release|Any CPU.ActiveCfg = Release|Any CPU
		{CC57A08A-7186-4B6B-98C2-3518D0F5E9F7}.Release|Any CPU.Build.0 = Release|Any CPU
	EndGlobalSection
	GlobalSection(SolutionProperties) = preSolution
		HideSolutionNode = FALSE
	EndGlobalSection
	GlobalSection(ExtensibilityGlobals) = postSolution
		SolutionGuid = {7A374DAE-2683-488E-81F1-F94DC04029F4}
	EndGlobalSection
EndGlobal
